
Microsoft Visual Studio Solution File, Format Version 12.00
# Visual Studio 15
VisualStudioVersion = 15.0.28307.168
MinimumVisualStudioVersion = 10.0.40219.1
Project("{FAE04EC0-301F-11D3-BF4B-00C04F79EFBC}") = "Lab 06", "Lab 06\Lab 06.csproj", "{CC39FB6B-1726-4306-8276-4DBA25A5E661}"
EndProject
Global
	GlobalSection(SolutionConfigurationPlatforms) = preSolution
		Debug|Any CPU = Debug|Any CPU
		Release|Any CPU = Release|Any CPU
	EndGlobalSection
	GlobalSection(ProjectConfigurationPlatforms) = postSolution
		{CC39FB6B-1726-4306-8276-4DBA25A5E661}.Debug|Any CPU.ActiveCfg = Debug|Any CPU
		{CC39FB6B-1726-4306-8276-4DBA25A5E661}.Debug|Any CPU.Build.0 = Debug|Any CPU
		{CC39FB6B-1726-4306-8276-4DBA25A5E661}.Release|Any CPU.ActiveCfg = Release|Any CPU
		{CC39FB6B-1726-4306-8276-4DBA25A5E661}.Release|Any CPU.Build.0 = Release|Any CPU
	EndGlobalSection
	GlobalSection(SolutionProperties) = preSolution
		HideSolutionNode = FALSE
	EndGlobalSection
	GlobalSection(ExtensibilityGlobals) = postSolution
		SolutionGuid = {6BB62F56-1E99-44C5-BFE1-65823C569AD7}
	EndGlobalSection
EndGlobal
